
Microsoft Visual Studio Solution File, Format Version 12.00
# Visual Studio Version 16
VisualStudioVersion = 25.0.1705.3
MinimumVisualStudioVersion = 10.0.40219.1
Project("{FAE04EC0-301F-11D3-BF4B-00C04F79EFBC}") = "MyCSharpWebApp", "MyCSharpWebApp.csproj", "{34B4392B-8AF1-4BFA-A2E4-741C72966DB3}"
EndProject
Global
	GlobalSection(SolutionConfigurationPlatforms) = preSolution
		Debug|Any CPU = Debug|Any CPU
		Release|Any CPU = Release|Any CPU
	EndGlobalSection
	GlobalSection(ProjectConfigurationPlatforms) = postSolution
		{34B4392B-8AF1-4BFA-A2E4-741C72966DB3}.Debug|Any CPU.ActiveCfg = Debug|Any CPU
		{34B4392B-8AF1-4BFA-A2E4-741C72966DB3}.Debug|Any CPU.Build.0 = Debug|Any CPU
		{34B4392B-8AF1-4BFA-A2E4-741C72966DB3}.Release|Any CPU.ActiveCfg = Release|Any CPU
		{34B4392B-8AF1-4BFA-A2E4-741C72966DB3}.Release|Any CPU.Build.0 = Release|Any CPU
	EndGlobalSection
	GlobalSection(SolutionProperties) = preSolution
		HideSolutionNode = FALSE
	EndGlobalSection
	GlobalSection(ExtensibilityGlobals) = postSolution
		SolutionGuid = {F1615CAA-A293-4012-B481-4C236CB4BCE2}
	EndGlobalSection
EndGlobal
