
Microsoft Visual Studio Solution File, Format Version 12.00
Project("{FAE04EC0-301F-11D3-BF4B-00C04F79EFBC}") = "CSharp", "CSharp\CSharp.csproj", "{C74D6F77-9862-43B1-9EAB-60E60AB96434}"
EndProject
Project("{FAE04EC0-301F-11D3-BF4B-00C04F79EFBC}") = "UnitTests", "UnitTests\UnitTests.csproj", "{6FD2F513-9DB3-4A50-B126-FE46F4C77369}"
EndProject
Global
	GlobalSection(SolutionConfigurationPlatforms) = preSolution
		Debug|Any CPU = Debug|Any CPU
		Release|Any CPU = Release|Any CPU
	EndGlobalSection
	GlobalSection(ProjectConfigurationPlatforms) = postSolution
		{C74D6F77-9862-43B1-9EAB-60E60AB96434}.Debug|Any CPU.ActiveCfg = Debug|Any CPU
		{C74D6F77-9862-43B1-9EAB-60E60AB96434}.Debug|Any CPU.Build.0 = Debug|Any CPU
		{C74D6F77-9862-43B1-9EAB-60E60AB96434}.Release|Any CPU.ActiveCfg = Release|Any CPU
		{C74D6F77-9862-43B1-9EAB-60E60AB96434}.Release|Any CPU.Build.0 = Release|Any CPU
		{6FD2F513-9DB3-4A50-B126-FE46F4C77369}.Debug|Any CPU.ActiveCfg = Debug|Any CPU
		{6FD2F513-9DB3-4A50-B126-FE46F4C77369}.Debug|Any CPU.Build.0 = Debug|Any CPU
		{6FD2F513-9DB3-4A50-B126-FE46F4C77369}.Release|Any CPU.ActiveCfg = Release|Any CPU
		{6FD2F513-9DB3-4A50-B126-FE46F4C77369}.Release|Any CPU.Build.0 = Release|Any CPU
	EndGlobalSection
EndGlobal
