
Microsoft Visual Studio Solution File, Format Version 12.00
Project("{FAE04EC0-301F-11D3-BF4B-00C04F79EFBC}") = "CSharpVueApp", "CSharpVueApp\CSharpVueApp.csproj", "{405E8AEE-4736-46C2-A5F5-23A4D6483D41}"
EndProject
Global
	GlobalSection(SolutionConfigurationPlatforms) = preSolution
		Debug|Any CPU = Debug|Any CPU
		Release|Any CPU = Release|Any CPU
	EndGlobalSection
	GlobalSection(ProjectConfigurationPlatforms) = postSolution
		{405E8AEE-4736-46C2-A5F5-23A4D6483D41}.Debug|Any CPU.ActiveCfg = Debug|Any CPU
		{405E8AEE-4736-46C2-A5F5-23A4D6483D41}.Debug|Any CPU.Build.0 = Debug|Any CPU
		{405E8AEE-4736-46C2-A5F5-23A4D6483D41}.Release|Any CPU.ActiveCfg = Release|Any CPU
		{405E8AEE-4736-46C2-A5F5-23A4D6483D41}.Release|Any CPU.Build.0 = Release|Any CPU
	EndGlobalSection
EndGlobal
