
Microsoft Visual Studio Solution File, Format Version 12.00
# Visual Studio Version 17
VisualStudioVersion = 17.0.32014.148
MinimumVisualStudioVersion = 10.0.40219.1
Project("{9A19103F-16F7-4668-BE54-9A1E7A4F7556}") = "DotNetVUEjsWebApp", "DotNetVUEjsWebApp.csproj", "{4AB215BB-462A-4A3B-8651-DFB85119D1A4}"
EndProject
Global
	GlobalSection(SolutionConfigurationPlatforms) = preSolution
		Debug|Any CPU = Debug|Any CPU
		Release|Any CPU = Release|Any CPU
	EndGlobalSection
	GlobalSection(ProjectConfigurationPlatforms) = postSolution
		{4AB215BB-462A-4A3B-8651-DFB85119D1A4}.Debug|Any CPU.ActiveCfg = Debug|Any CPU
		{4AB215BB-462A-4A3B-8651-DFB85119D1A4}.Debug|Any CPU.Build.0 = Debug|Any CPU
		{4AB215BB-462A-4A3B-8651-DFB85119D1A4}.Release|Any CPU.ActiveCfg = Release|Any CPU
		{4AB215BB-462A-4A3B-8651-DFB85119D1A4}.Release|Any CPU.Build.0 = Release|Any CPU
	EndGlobalSection
	GlobalSection(SolutionProperties) = preSolution
		HideSolutionNode = FALSE
	EndGlobalSection
	GlobalSection(ExtensibilityGlobals) = postSolution
		SolutionGuid = {0A620290-E9D1-4462-BBD5-FF68147491A5}
	EndGlobalSection
EndGlobal
